// !$*UTF8*$!
{
	archiveVersion = 1;
	classes = {
	};
	objectVersion = 56;
	objects = {

/* Begin PBXBuildFile section */
		344AA6B52A9AEC0B005CBB2E /* TutorialsOneApp.swift in Sources */ = {isa = PBXBuildFile; fileRef = 344AA6B42A9AEC0B005CBB2E /* TutorialsOneApp.swift */; };
		344AA6B72A9AEC0B005CBB2E /* ContentView.swift in Sources */ = {isa = PBXBuildFile; fileRef = 344AA6B62A9AEC0B005CBB2E /* ContentView.swift */; };
		344AA6B92A9AEC0D005CBB2E /* Assets.xcassets in Resources */ = {isa = PBXBuildFile; fileRef = 344AA6B82A9AEC0D005CBB2E /* Assets.xcassets */; };
		344AA6BC2A9AEC0D005CBB2E /* Preview Assets.xcassets in Resources */ = {isa = PBXBuildFile; fileRef = 344AA6BB2A9AEC0D005CBB2E /* Preview Assets.xcassets */; };
		344AA6C62A9AEC0D005CBB2E /* TutorialsOneTests.swift in Sources */ = {isa = PBXBuildFile; fileRef = 344AA6C52A9AEC0D005CBB2E /* TutorialsOneTests.swift */; };
		344AA6D02A9AEC0D005CBB2E /* TutorialsOneUITests.swift in Sources */ = {isa = PBXBuildFile; fileRef = 344AA6CF2A9AEC0D005CBB2E /* TutorialsOneUITests.swift */; };
		344AA6D22A9AEC0D005CBB2E /* TutorialsOneUITestsLaunchTests.swift in Sources */ = {isa = PBXBuildFile; fileRef = 344AA6D12A9AEC0D005CBB2E /* TutorialsOneUITestsLaunchTests.swift */; };
/* End PBXBuildFile section */

/* Begin PBXContainerItemProxy section */
		344AA6C22A9AEC0D005CBB2E /* PBXContainerItemProxy */ = {
			isa = PBXContainerItemProxy;
			containerPortal = 344AA6A92A9AEC0B005CBB2E /* Project object */;
			proxyType = 1;
			remoteGlobalIDString = 344AA6B02A9AEC0B005CBB2E;
			remoteInfo = TutorialsOne;
		};
		344AA6CC2A9AEC0D005CBB2E /* PBXContainerItemProxy */ = {
			isa = PBXContainerItemProxy;
			containerPortal = 344AA6A92A9AEC0B005CBB2E /* Project object */;
			proxyType = 1;
			remoteGlobalIDString = 344AA6B02A9AEC0B005CBB2E;
			remoteInfo = TutorialsOne;
		};
/* End PBXContainerItemProxy section */

/* Begin PBXFileReference section */
		344AA6B12A9AEC0B005CBB2E /* TutorialsOne.app */ = {isa = PBXFileReference; explicitFileType = wrapper.application; includeInIndex = 0; path = TutorialsOne.app; sourceTree = BUILT_PRODUCTS_DIR; };
		344AA6B42A9AEC0B005CBB2E /* TutorialsOneApp.swift */ = {isa = PBXFileReference; lastKnownFileType = sourcecode.swift; path = TutorialsOneApp.swift; sourceTree = "<group>"; };
		344AA6B62A9AEC0B005CBB2E /* ContentView.swift */ = {isa = PBXFileReference; lastKnownFileType = sourcecode.swift; path = ContentView.swift; sourceTree = "<group>"; };
		344AA6B82A9AEC0D005CBB2E /* Assets.xcassets */ = {isa = PBXFileReference; lastKnownFileType = folder.assetcatalog; path = Assets.xcassets; sourceTree = "<group>"; };
		344AA6BB2A9AEC0D005CBB2E /* Preview Assets.xcassets */ = {isa = PBXFileReference; lastKnownFileType = folder.assetcatalog; path = "Preview Assets.xcassets"; sourceTree = "<group>"; };
		344AA6C12A9AEC0D005CBB2E /* TutorialsOneTests.xctest */ = {isa = PBXFileReference; explicitFileType = wrapper.cfbundle; includeInIndex = 0; path = TutorialsOneTests.xctest; sourceTree = BUILT_PRODUCTS_DIR; };
		344AA6C52A9AEC0D005CBB2E /* TutorialsOneTests.swift */ = {isa = PBXFileReference; lastKnownFileType = sourcecode.swift; path = TutorialsOneTests.swift; sourceTree = "<group>"; };
		344AA6CB2A9AEC0D005CBB2E /* TutorialsOneUITests.xctest */ = {isa = PBXFileReference; explicitFileType = wrapper.cfbundle; includeInIndex = 0; path = TutorialsOneUITests.xctest; sourceTree = BUILT_PRODUCTS_DIR; };
		344AA6CF2A9AEC0D005CBB2E /* TutorialsOneUITests.swift */ = {isa = PBXFileReference; lastKnownFileType = sourcecode.swift; path = TutorialsOneUITests.swift; sourceTree = "<group>"; };
		344AA6D12A9AEC0D005CBB2E /* TutorialsOneUITestsLaunchTests.swift */ = {isa = PBXFileReference; lastKnownFileType = sourcecode.swift; path = TutorialsOneUITestsLaunchTests.swift; sourceTree = "<group>"; };
/* End PBXFileReference section */

/* Begin PBXFrameworksBuildPhase section */
		344AA6AE2A9AEC0B005CBB2E /* Frameworks */ = {
			isa = PBXFrameworksBuildPhase;
			buildActionMask = 2147483647;
			files = (
			);
			runOnlyForDeploymentPostprocessing = 0;
		};
		344AA6BE2A9AEC0D005CBB2E /* Frameworks */ = {
			isa = PBXFrameworksBuildPhase;
			buildActionMask = 2147483647;
			files = (
			);
			runOnlyForDeploymentPostprocessing = 0;
		};
		344AA6C82A9AEC0D005CBB2E /* Frameworks */ = {
			isa = PBXFrameworksBuildPhase;
			buildActionMask = 2147483647;
			files = (
			);
			runOnlyForDeploymentPostprocessing = 0;
		};
/* End PBXFrameworksBuildPhase section */

/* Begin PBXGroup section */
		344AA6A82A9AEC0B005CBB2E = {
			isa = PBXGroup;
			children = (
				344AA6B32A9AEC0B005CBB2E /* TutorialsOne */,
				344AA6C42A9AEC0D005CBB2E /* TutorialsOneTests */,
				344AA6CE2A9AEC0D005CBB2E /* TutorialsOneUITests */,
				344AA6B22A9AEC0B005CBB2E /* Products */,
			);
			sourceTree = "<group>";
		};
		344AA6B22A9AEC0B005CBB2E /* Products */ = {
			isa = PBXGroup;
			children = (
				344AA6B12A9AEC0B005CBB2E /* TutorialsOne.app */,
				344AA6C12A9AEC0D005CBB2E /* TutorialsOneTests.xctest */,
				344AA6CB2A9AEC0D005CBB2E /* TutorialsOneUITests.xctest */,
			);
			name = Products;
			sourceTree = "<group>";
		};
		344AA6B32A9AEC0B005CBB2E /* TutorialsOne */ = {
			isa = PBXGroup;
			children = (
				344AA6B42A9AEC0B005CBB2E /* TutorialsOneApp.swift */,
				344AA6B62A9AEC0B005CBB2E /* ContentView.swift */,
				344AA6B82A9AEC0D005CBB2E /* Assets.xcassets */,
				344AA6BA2A9AEC0D005CBB2E /* Preview Content */,
			);
			path = TutorialsOne;
			sourceTree = "<group>";
		};
		344AA6BA2A9AEC0D005CBB2E /* Preview Content */ = {
			isa = PBXGroup;
			children = (
				344AA6BB2A9AEC0D005CBB2E /* Preview Assets.xcassets */,
			);
			path = "Preview Content";
			sourceTree = "<group>";
		};
		344AA6C42A9AEC0D005CBB2E /* TutorialsOneTests */ = {
			isa = PBXGroup;
			children = (
				344AA6C52A9AEC0D005CBB2E /* TutorialsOneTests.swift */,
			);
			path = TutorialsOneTests;
			sourceTree = "<group>";
		};
		344AA6CE2A9AEC0D005CBB2E /* TutorialsOneUITests */ = {
			isa = PBXGroup;
			children = (
				344AA6CF2A9AEC0D005CBB2E /* TutorialsOneUITests.swift */,
				344AA6D12A9AEC0D005CBB2E /* TutorialsOneUITestsLaunchTests.swift */,
			);
			path = TutorialsOneUITests;
			sourceTree = "<group>";
		};
/* End PBXGroup section */

/* Begin PBXNativeTarget section */
		344AA6B02A9AEC0B005CBB2E /* TutorialsOne */ = {
			isa = PBXNativeTarget;
			buildConfigurationList = 344AA6D52A9AEC0D005CBB2E /* Build configuration list for PBXNativeTarget "TutorialsOne" */;
			buildPhases = (
				344AA6AD2A9AEC0B005CBB2E /* Sources */,
				344AA6AE2A9AEC0B005CBB2E /* Frameworks */,
				344AA6AF2A9AEC0B005CBB2E /* Resources */,
			);
			buildRules = (
			);
			dependencies = (
			);
			name = TutorialsOne;
			productName = TutorialsOne;
			productReference = 344AA6B12A9AEC0B005CBB2E /* TutorialsOne.app */;
			productType = "com.apple.product-type.application";
		};
		344AA6C02A9AEC0D005CBB2E /* TutorialsOneTests */ = {
			isa = PBXNativeTarget;
			buildConfigurationList = 344AA6D82A9AEC0D005CBB2E /* Build configuration list for PBXNativeTarget "TutorialsOneTests" */;
			buildPhases = (
				344AA6BD2A9AEC0D005CBB2E /* Sources */,
				344AA6BE2A9AEC0D005CBB2E /* Frameworks */,
				344AA6BF2A9AEC0D005CBB2E /* Resources */,
			);
			buildRules = (
			);
			dependencies = (
				344AA6C32A9AEC0D005CBB2E /* PBXTargetDependency */,
			);
			name = TutorialsOneTests;
			productName = TutorialsOneTests;
			productReference = 344AA6C12A9AEC0D005CBB2E /* TutorialsOneTests.xctest */;
			productType = "com.apple.product-type.bundle.unit-test";
		};
		344AA6CA2A9AEC0D005CBB2E /* TutorialsOneUITests */ = {
			isa = PBXNativeTarget;
			buildConfigurationList = 344AA6DB2A9AEC0D005CBB2E /* Build configuration list for PBXNativeTarget "TutorialsOneUITests" */;
			buildPhases = (
				344AA6C72A9AEC0D005CBB2E /* Sources */,
				344AA6C82A9AEC0D005CBB2E /* Frameworks */,
				344AA6C92A9AEC0D005CBB2E /* Resources */,
			);
			buildRules = (
			);
			dependencies = (
				344AA6CD2A9AEC0D005CBB2E /* PBXTargetDependency */,
			);
			name = TutorialsOneUITests;
			productName = TutorialsOneUITests;
			productReference = 344AA6CB2A9AEC0D005CBB2E /* TutorialsOneUITests.xctest */;
			productType = "com.apple.product-type.bundle.ui-testing";
		};
/* End PBXNativeTarget section */

/* Begin PBXProject section */
		344AA6A92A9AEC0B005CBB2E /* Project object */ = {
			isa = PBXProject;
			attributes = {
				BuildIndependentTargetsInParallel = 1;
				LastSwiftUpdateCheck = 1430;
				LastUpgradeCheck = 1430;
				TargetAttributes = {
					344AA6B02A9AEC0B005CBB2E = {
						CreatedOnToolsVersion = 14.3.1;
					};
					344AA6C02A9AEC0D005CBB2E = {
						CreatedOnToolsVersion = 14.3.1;
						TestTargetID = 344AA6B02A9AEC0B005CBB2E;
					};
					344AA6CA2A9AEC0D005CBB2E = {
						CreatedOnToolsVersion = 14.3.1;
						TestTargetID = 344AA6B02A9AEC0B005CBB2E;
					};
				};
			};
			buildConfigurationList = 344AA6AC2A9AEC0B005CBB2E /* Build configuration list for PBXProject "TutorialsOne" */;
			compatibilityVersion = "Xcode 14.0";
			developmentRegion = en;
			hasScannedForEncodings = 0;
			knownRegions = (
				en,
				Base,
			);
			mainGroup = 344AA6A82A9AEC0B005CBB2E;
			productRefGroup = 344AA6B22A9AEC0B005CBB2E /* Products */;
			projectDirPath = "";
			projectRoot = "";
			targets = (
				344AA6B02A9AEC0B005CBB2E /* TutorialsOne */,
				344AA6C02A9AEC0D005CBB2E /* TutorialsOneTests */,
				344AA6CA2A9AEC0D005CBB2E /* TutorialsOneUITests */,
			);
		};
/* End PBXProject section */

/* Begin PBXResourcesBuildPhase section */
		344AA6AF2A9AEC0B005CBB2E /* Resources */ = {
			isa = PBXResourcesBuildPhase;
			buildActionMask = 2147483647;
			files = (
				344AA6BC2A9AEC0D005CBB2E /* Preview Assets.xcassets in Resources */,
				344AA6B92A9AEC0D005CBB2E /* Assets.xcassets in Resources */,
			);
			runOnlyForDeploymentPostprocessing = 0;
		};
		344AA6BF2A9AEC0D005CBB2E /* Resources */ = {
			isa = PBXResourcesBuildPhase;
			buildActionMask = 2147483647;
			files = (
			);
			runOnlyForDeploymentPostprocessing = 0;
		};
		344AA6C92A9AEC0D005CBB2E /* Resources */ = {
			isa = PBXResourcesBuildPhase;
			buildActionMask = 2147483647;
			files = (
			);
			runOnlyForDeploymentPostprocessing = 0;
		};
/* End PBXResourcesBuildPhase section */

/* Begin PBXSourcesBuildPhase section */
		344AA6AD2A9AEC0B005CBB2E /* Sources */ = {
			isa = PBXSourcesBuildPhase;
			buildActionMask = 2147483647;
			files = (
				344AA6B72A9AEC0B005CBB2E /* ContentView.swift in Sources */,
				344AA6B52A9AEC0B005CBB2E /* TutorialsOneApp.swift in Sources */,
			);
			runOnlyForDeploymentPostprocessing = 0;
		};
		344AA6BD2A9AEC0D005CBB2E /* Sources */ = {
			isa = PBXSourcesBuildPhase;
			buildActionMask = 2147483647;
			files = (
				344AA6C62A9AEC0D005CBB2E /* TutorialsOneTests.swift in Sources */,
			);
			runOnlyForDeploymentPostprocessing = 0;
		};
		344AA6C72A9AEC0D005CBB2E /* Sources */ = {
			isa = PBXSourcesBuildPhase;
			buildActionMask = 2147483647;
			files = (
				344AA6D02A9AEC0D005CBB2E /* TutorialsOneUITests.swift in Sources */,
				344AA6D22A9AEC0D005CBB2E /* TutorialsOneUITestsLaunchTests.swift in Sources */,
			);
			runOnlyForDeploymentPostprocessing = 0;
		};
/* End PBXSourcesBuildPhase section */

/* Begin PBXTargetDependency section */
		344AA6C32A9AEC0D005CBB2E /* PBXTargetDependency */ = {
			isa = PBXTargetDependency;
			target = 344AA6B02A9AEC0B005CBB2E /* TutorialsOne */;
			targetProxy = 344AA6C22A9AEC0D005CBB2E /* PBXContainerItemProxy */;
		};
		344AA6CD2A9AEC0D005CBB2E /* PBXTargetDependency */ = {
			isa = PBXTargetDependency;
			target = 344AA6B02A9AEC0B005CBB2E /* TutorialsOne */;
			targetProxy = 344AA6CC2A9AEC0D005CBB2E /* PBXContainerItemProxy */;
		};
/* End PBXTargetDependency section */

/* Begin XCBuildConfiguration section */
		344AA6D32A9AEC0D005CBB2E /* Debug */ = {
			isa = XCBuildConfiguration;
			buildSettings = {
				ALWAYS_SEARCH_USER_PATHS = NO;
				CLANG_ANALYZER_NONNULL = YES;
				CLANG_ANALYZER_NUMBER_OBJECT_CONVERSION = YES_AGGRESSIVE;
				CLANG_CXX_LANGUAGE_STANDARD = "gnu++20";
				CLANG_ENABLE_MODULES = YES;
				CLANG_ENABLE_OBJC_ARC = YES;
				CLANG_ENABLE_OBJC_WEAK = YES;
				CLANG_WARN_BLOCK_CAPTURE_AUTORELEASING = YES;
				CLANG_WARN_BOOL_CONVERSION = YES;
				CLANG_WARN_COMMA = YES;
				CLANG_WARN_CONSTANT_CONVERSION = YES;
				CLANG_WARN_DEPRECATED_OBJC_IMPLEMENTATIONS = YES;
				CLANG_WARN_DIRECT_OBJC_ISA_USAGE = YES_ERROR;
				CLANG_WARN_DOCUMENTATION_COMMENTS = YES;
				CLANG_WARN_EMPTY_BODY = YES;
				CLANG_WARN_ENUM_CONVERSION = YES;
				CLANG_WARN_INFINITE_RECURSION = YES;
				CLANG_WARN_INT_CONVERSION = YES;
				CLANG_WARN_NON_LITERAL_NULL_CONVERSION = YES;
				CLANG_WARN_OBJC_IMPLICIT_RETAIN_SELF = YES;
				CLANG_WARN_OBJC_LITERAL_CONVERSION = YES;
				CLANG_WARN_OBJC_ROOT_CLASS = YES_ERROR;
				CLANG_WARN_QUOTED_INCLUDE_IN_FRAMEWORK_HEADER = YES;
				CLANG_WARN_RANGE_LOOP_ANALYSIS = YES;
				CLANG_WARN_STRICT_PROTOTYPES = YES;
				CLANG_WARN_SUSPICIOUS_MOVE = YES;
				CLANG_WARN_UNGUARDED_AVAILABILITY = YES_AGGRESSIVE;
				CLANG_WARN_UNREACHABLE_CODE = YES;
				CLANG_WARN__DUPLICATE_METHOD_MATCH = YES;
				COPY_PHASE_STRIP = NO;
				DEBUG_INFORMATION_FORMAT = dwarf;
				ENABLE_STRICT_OBJC_MSGSEND = YES;
				ENABLE_TESTABILITY = YES;
				GCC_C_LANGUAGE_STANDARD = gnu11;
				GCC_DYNAMIC_NO_PIC = NO;
				GCC_NO_COMMON_BLOCKS = YES;
				GCC_OPTIMIZATION_LEVEL = 0;
				GCC_PREPROCESSOR_DEFINITIONS = (
					"DEBUG=1",
					"$(inherited)",
				);
				GCC_WARN_64_TO_32_BIT_CONVERSION = YES;
				GCC_WARN_ABOUT_RETURN_TYPE = YES_ERROR;
				GCC_WARN_UNDECLARED_SELECTOR = YES;
				GCC_WARN_UNINITIALIZED_AUTOS = YES_AGGRESSIVE;
				GCC_WARN_UNUSED_FUNCTION = YES;
				GCC_WARN_UNUSED_VARIABLE = YES;
				IPHONEOS_DEPLOYMENT_TARGET = 16.4;
				MTL_ENABLE_DEBUG_INFO = INCLUDE_SOURCE;
				MTL_FAST_MATH = YES;
				ONLY_ACTIVE_ARCH = YES;
				SDKROOT = iphoneos;
				SWIFT_ACTIVE_COMPILATION_CONDITIONS = DEBUG;
				SWIFT_OPTIMIZATION_LEVEL = "-Onone";
			};
			name = Debug;
		};
		344AA6D42A9AEC0D005CBB2E /* Release */ = {
			isa = XCBuildConfiguration;
			buildSettings = {
				ALWAYS_SEARCH_USER_PATHS = NO;
				CLANG_ANALYZER_NONNULL = YES;
				CLANG_ANALYZER_NUMBER_OBJECT_CONVERSION = YES_AGGRESSIVE;
				CLANG_CXX_LANGUAGE_STANDARD = "gnu++20";
				CLANG_ENABLE_MODULES = YES;
				CLANG_ENABLE_OBJC_ARC = YES;
				CLANG_ENABLE_OBJC_WEAK = YES;
				CLANG_WARN_BLOCK_CAPTURE_AUTORELEASING = YES;
				CLANG_WARN_BOOL_CONVERSION = YES;
				CLANG_WARN_COMMA = YES;
				CLANG_WARN_CONSTANT_CONVERSION = YES;
				CLANG_WARN_DEPRECATED_OBJC_IMPLEMENTATIONS = YES;
				CLANG_WARN_DIRECT_OBJC_ISA_USAGE = YES_ERROR;
				CLANG_WARN_DOCUMENTATION_COMMENTS = YES;
				CLANG_WARN_EMPTY_BODY = YES;
				CLANG_WARN_ENUM_CONVERSION = YES;
				CLANG_WARN_INFINITE_RECURSION = YES;
				CLANG_WARN_INT_CONVERSION = YES;
				CLANG_WARN_NON_LITERAL_NULL_CONVERSION = YES;
				CLANG_WARN_OBJC_IMPLICIT_RETAIN_SELF = YES;
				CLANG_WARN_OBJC_LITERAL_CONVERSION = YES;
				CLANG_WARN_OBJC_ROOT_CLASS = YES_ERROR;
				CLANG_WARN_QUOTED_INCLUDE_IN_FRAMEWORK_HEADER = YES;
				CLANG_WARN_RANGE_LOOP_ANALYSIS = YES;
				CLANG_WARN_STRICT_PROTOTYPES = YES;
				CLANG_WARN_SUSPICIOUS_MOVE = YES;
				CLANG_WARN_UNGUARDED_AVAILABILITY = YES_AGGRESSIVE;
				CLANG_WARN_UNREACHABLE_CODE = YES;
				CLANG_WARN__DUPLICATE_METHOD_MATCH = YES;
				COPY_PHASE_STRIP = NO;
				DEBUG_INFORMATION_FORMAT = "dwarf-with-dsym";
				ENABLE_NS_ASSERTIONS = NO;
				ENABLE_STRICT_OBJC_MSGSEND = YES;
				GCC_C_LANGUAGE_STANDARD = gnu11;
				GCC_NO_COMMON_BLOCKS = YES;
				GCC_WARN_64_TO_32_BIT_CONVERSION = YES;
				GCC_WARN_ABOUT_RETURN_TYPE = YES_ERROR;
				GCC_WARN_UNDECLARED_SELECTOR = YES;
				GCC_WARN_UNINITIALIZED_AUTOS = YES_AGGRESSIVE;
				GCC_WARN_UNUSED_FUNCTION = YES;
				GCC_WARN_UNUSED_VARIABLE = YES;
				IPHONEOS_DEPLOYMENT_TARGET = 16.4;
				MTL_ENABLE_DEBUG_INFO = NO;
				MTL_FAST_MATH = YES;
				SDKROOT = iphoneos;
				SWIFT_COMPILATION_MODE = wholemodule;
				SWIFT_OPTIMIZATION_LEVEL = "-O";
				VALIDATE_PRODUCT = YES;
			};
			name = Release;
		};
		344AA6D62A9AEC0D005CBB2E /* Debug */ = {
			isa = XCBuildConfiguration;
			buildSettings = {
				ASSETCATALOG_COMPILER_APPICON_NAME = AppIcon;
				ASSETCATALOG_COMPILER_GLOBAL_ACCENT_COLOR_NAME = AccentColor;
				CODE_SIGN_STYLE = Automatic;
				CURRENT_PROJECT_VERSION = 1;
				DEVELOPMENT_ASSET_PATHS = "\"TutorialsOne/Preview Content\"";
				ENABLE_PREVIEWS = YES;
				GENERATE_INFOPLIST_FILE = YES;
				INFOPLIST_KEY_UIApplicationSceneManifest_Generation = YES;
				INFOPLIST_KEY_UIApplicationSupportsIndirectInputEvents = YES;
				INFOPLIST_KEY_UILaunchScreen_Generation = YES;
				INFOPLIST_KEY_UISupportedInterfaceOrientations_iPad = "UIInterfaceOrientationPortrait UIInterfaceOrientationPortraitUpsideDown UIInterfaceOrientationLandscapeLeft UIInterfaceOrientationLandscapeRight";
				INFOPLIST_KEY_UISupportedInterfaceOrientations_iPhone = "UIInterfaceOrientationPortrait UIInterfaceOrientationLandscapeLeft UIInterfaceOrientationLandscapeRight";
				LD_RUNPATH_SEARCH_PATHS = (
					"$(inherited)",
					"@executable_path/Frameworks",
				);
				MARKETING_VERSION = 1.0;
				PRODUCT_BUNDLE_IDENTIFIER = FelixChen.TutorialsOne;
				PRODUCT_NAME = "$(TARGET_NAME)";
				SWIFT_EMIT_LOC_STRINGS = YES;
				SWIFT_VERSION = 5.0;
				TARGETED_DEVICE_FAMILY = "1,2";
			};
			name = Debug;
		};
		344AA6D72A9AEC0D005CBB2E /* Release */ = {
			isa = XCBuildConfiguration;
			buildSettings = {
				ASSETCATALOG_COMPILER_APPICON_NAME = AppIcon;
				ASSETCATALOG_COMPILER_GLOBAL_ACCENT_COLOR_NAME = AccentColor;
				CODE_SIGN_STYLE = Automatic;
				CURRENT_PROJECT_VERSION = 1;
				DEVELOPMENT_ASSET_PATHS = "\"TutorialsOne/Preview Content\"";
				ENABLE_PREVIEWS = YES;
				GENERATE_INFOPLIST_FILE = YES;
				INFOPLIST_KEY_UIApplicationSceneManifest_Generation = YES;
				INFOPLIST_KEY_UIApplicationSupportsIndirectInputEvents = YES;
				INFOPLIST_KEY_UILaunchScreen_Generation = YES;
				INFOPLIST_KEY_UISupportedInterfaceOrientations_iPad = "UIInterfaceOrientationPortrait UIInterfaceOrientationPortraitUpsideDown UIInterfaceOrientationLandscapeLeft UIInterfaceOrientationLandscapeRight";
				INFOPLIST_KEY_UISupportedInterfaceOrientations_iPhone = "UIInterfaceOrientationPortrait UIInterfaceOrientationLandscapeLeft UIInterfaceOrientationLandscapeRight";
				LD_RUNPATH_SEARCH_PATHS = (
					"$(inherited)",
					"@executable_path/Frameworks",
				);
				MARKETING_VERSION = 1.0;
				PRODUCT_BUNDLE_IDENTIFIER = FelixChen.TutorialsOne;
				PRODUCT_NAME = "$(TARGET_NAME)";
				SWIFT_EMIT_LOC_STRINGS = YES;
				SWIFT_VERSION = 5.0;
				TARGETED_DEVICE_FAMILY = "1,2";
			};
			name = Release;
		};
		344AA6D92A9AEC0D005CBB2E /* Debug */ = {
			isa = XCBuildConfiguration;
			buildSettings = {
				ALWAYS_EMBED_SWIFT_STANDARD_LIBRARIES = YES;
				BUNDLE_LOADER = "$(TEST_HOST)";
				CODE_SIGN_STYLE = Automatic;
				CURRENT_PROJECT_VERSION = 1;
				GENERATE_INFOPLIST_FILE = YES;
				IPHONEOS_DEPLOYMENT_TARGET = 16.4;
				MARKETING_VERSION = 1.0;
				PRODUCT_BUNDLE_IDENTIFIER = FelixChen.TutorialsOneTests;
				PRODUCT_NAME = "$(TARGET_NAME)";
				SWIFT_EMIT_LOC_STRINGS = NO;
				SWIFT_VERSION = 5.0;
				TARGETED_DEVICE_FAMILY = "1,2";
				TEST_HOST = "$(BUILT_PRODUCTS_DIR)/TutorialsOne.app/$(BUNDLE_EXECUTABLE_FOLDER_PATH)/TutorialsOne";
			};
			name = Debug;
		};
		344AA6DA2A9AEC0D005CBB2E /* Release */ = {
			isa = XCBuildConfiguration;
			buildSettings = {
				ALWAYS_EMBED_SWIFT_STANDARD_LIBRARIES = YES;
				BUNDLE_LOADER = "$(TEST_HOST)";
				CODE_SIGN_STYLE = Automatic;
				CURRENT_PROJECT_VERSION = 1;
				GENERATE_INFOPLIST_FILE = YES;
				IPHONEOS_DEPLOYMENT_TARGET = 16.4;
				MARKETING_VERSION = 1.0;
				PRODUCT_BUNDLE_IDENTIFIER = FelixChen.TutorialsOneTests;
				PRODUCT_NAME = "$(TARGET_NAME)";
				SWIFT_EMIT_LOC_STRINGS = NO;
				SWIFT_VERSION = 5.0;
				TARGETED_DEVICE_FAMILY = "1,2";
				TEST_HOST = "$(BUILT_PRODUCTS_DIR)/TutorialsOne.app/$(BUNDLE_EXECUTABLE_FOLDER_PATH)/TutorialsOne";
			};
			name = Release;
		};
		344AA6DC2A9AEC0D005CBB2E /* Debug */ = {
			isa = XCBuildConfiguration;
			buildSettings = {
				ALWAYS_EMBED_SWIFT_STANDARD_LIBRARIES = YES;
				CODE_SIGN_STYLE = Automatic;
				CURRENT_PROJECT_VERSION = 1;
				GENERATE_INFOPLIST_FILE = YES;
				MARKETING_VERSION = 1.0;
				PRODUCT_BUNDLE_IDENTIFIER = FelixChen.TutorialsOneUITests;
				PRODUCT_NAME = "$(TARGET_NAME)";
				SWIFT_EMIT_LOC_STRINGS = NO;
				SWIFT_VERSION = 5.0;
				TARGETED_DEVICE_FAMILY = "1,2";
				TEST_TARGET_NAME = TutorialsOne;
			};
			name = Debug;
		};
		344AA6DD2A9AEC0D005CBB2E /* Release */ = {
			isa = XCBuildConfiguration;
			buildSettings = {
				ALWAYS_EMBED_SWIFT_STANDARD_LIBRARIES = YES;
				CODE_SIGN_STYLE = Automatic;
				CURRENT_PROJECT_VERSION = 1;
				GENERATE_INFOPLIST_FILE = YES;
				MARKETING_VERSION = 1.0;
				PRODUCT_BUNDLE_IDENTIFIER = FelixChen.TutorialsOneUITests;
				PRODUCT_NAME = "$(TARGET_NAME)";
				SWIFT_EMIT_LOC_STRINGS = NO;
				SWIFT_VERSION = 5.0;
				TARGETED_DEVICE_FAMILY = "1,2";
				TEST_TARGET_NAME = TutorialsOne;
			};
			name = Release;
		};
/* End XCBuildConfiguration section */

/* Begin XCConfigurationList section */
		344AA6AC2A9AEC0B005CBB2E /* Build configuration list for PBXProject "TutorialsOne" */ = {
			isa = XCConfigurationList;
			buildConfigurations = (
				344AA6D32A9AEC0D005CBB2E /* Debug */,
				344AA6D42A9AEC0D005CBB2E /* Release */,
			);
			defaultConfigurationIsVisible = 0;
			defaultConfigurationName = Release;
		};
		344AA6D52A9AEC0D005CBB2E /* Build configuration list for PBXNativeTarget "TutorialsOne" */ = {
			isa = XCConfigurationList;
			buildConfigurations = (
				344AA6D62A9AEC0D005CBB2E /* Debug */,
				344AA6D72A9AEC0D005CBB2E /* Release */,
			);
			defaultConfigurationIsVisible = 0;
			defaultConfigurationName = Release;
		};
		344AA6D82A9AEC0D005CBB2E /* Build configuration list for PBXNativeTarget "TutorialsOneTests" */ = {
			isa = XCConfigurationList;
			buildConfigurations = (
				344AA6D92A9AEC0D005CBB2E /* Debug */,
				344AA6DA2A9AEC0D005CBB2E /* Release */,
			);
			defaultConfigurationIsVisible = 0;
			defaultConfigurationName = Release;
		};
		344AA6DB2A9AEC0D005CBB2E /* Build configuration list for PBXNativeTarget "TutorialsOneUITests" */ = {
			isa = XCConfigurationList;
			buildConfigurations = (
				344AA6DC2A9AEC0D005CBB2E /* Debug */,
				344AA6DD2A9AEC0D005CBB2E /* Release */,
			);
			defaultConfigurationIsVisible = 0;
			defaultConfigurationName = Release;
		};
/* End XCConfigurationList section */
	};
	rootObject = 344AA6A92A9AEC0B005CBB2E /* Project object */;
}
